<<<<<<< HEAD
﻿
Microsoft Visual Studio Solution File, Format Version 12.00
# Visual Studio 2015
Project("{FAE04EC0-301F-11D3-BF4B-00C04F79EFBC}") = "Deer Me.CSharp", "Deer Me.CSharp.csproj", "{01955A53-4868-82F4-7421-9B931FB86D86}"
EndProject
Project("{FAE04EC0-301F-11D3-BF4B-00C04F79EFBC}") = "Deer Me.CSharp.Plugins", "Deer Me.CSharp.Plugins.csproj", "{0FBC6D4A-0A36-213D-6168-98FAA5C28F41}"
EndProject
Project("{FAE04EC0-301F-11D3-BF4B-00C04F79EFBC}") = "Deer Me.CSharp.Editor.Plugins", "Deer Me.CSharp.Editor.Plugins.csproj", "{33556997-C453-3E25-4F0E-08A3437830A3}"
=======

Microsoft Visual Studio Solution File, Format Version 11.00
# Visual Studio 2010
Project("{E097FAD1-6243-4DAD-9C02-E9B9EFC3FFC1}") = "Assembly-CSharp", "Assembly-CSharp.csproj", "{EF45DF7C-4794-B954-87CF-312EA64B1280}"
EndProject
Project("{E097FAD1-6243-4DAD-9C02-E9B9EFC3FFC1}") = "Assembly-CSharp-firstpass", "Assembly-CSharp-firstpass.csproj", "{12EC9F60-95AD-9B1A-F2BF-44F262DBD3CF}"
EndProject
Project("{E097FAD1-6243-4DAD-9C02-E9B9EFC3FFC1}") = "Assembly-CSharp-Editor-firstpass", "Assembly-CSharp-Editor-firstpass.csproj", "{313EB729-B1E7-3C46-45AB-18D56E626043}"
>>>>>>> 69b902a03ab55f1797d2308436a0ba8776b05dd2
EndProject
Global
	GlobalSection(SolutionConfigurationPlatforms) = preSolution
		Debug|Any CPU = Debug|Any CPU
		Release|Any CPU = Release|Any CPU
	EndGlobalSection
	GlobalSection(ProjectConfigurationPlatforms) = postSolution
<<<<<<< HEAD
		{01955A53-4868-82F4-7421-9B931FB86D86}.Debug|Any CPU.ActiveCfg = Debug|Any CPU
		{01955A53-4868-82F4-7421-9B931FB86D86}.Debug|Any CPU.Build.0 = Debug|Any CPU
		{01955A53-4868-82F4-7421-9B931FB86D86}.Release|Any CPU.ActiveCfg = Release|Any CPU
		{01955A53-4868-82F4-7421-9B931FB86D86}.Release|Any CPU.Build.0 = Release|Any CPU
		{0FBC6D4A-0A36-213D-6168-98FAA5C28F41}.Debug|Any CPU.ActiveCfg = Debug|Any CPU
		{0FBC6D4A-0A36-213D-6168-98FAA5C28F41}.Debug|Any CPU.Build.0 = Debug|Any CPU
		{0FBC6D4A-0A36-213D-6168-98FAA5C28F41}.Release|Any CPU.ActiveCfg = Release|Any CPU
		{0FBC6D4A-0A36-213D-6168-98FAA5C28F41}.Release|Any CPU.Build.0 = Release|Any CPU
		{33556997-C453-3E25-4F0E-08A3437830A3}.Debug|Any CPU.ActiveCfg = Debug|Any CPU
		{33556997-C453-3E25-4F0E-08A3437830A3}.Debug|Any CPU.Build.0 = Debug|Any CPU
		{33556997-C453-3E25-4F0E-08A3437830A3}.Release|Any CPU.ActiveCfg = Release|Any CPU
		{33556997-C453-3E25-4F0E-08A3437830A3}.Release|Any CPU.Build.0 = Release|Any CPU
=======
		{EF45DF7C-4794-B954-87CF-312EA64B1280}.Debug|Any CPU.ActiveCfg = Debug|Any CPU
		{EF45DF7C-4794-B954-87CF-312EA64B1280}.Debug|Any CPU.Build.0 = Debug|Any CPU
		{EF45DF7C-4794-B954-87CF-312EA64B1280}.Release|Any CPU.ActiveCfg = Release|Any CPU
		{EF45DF7C-4794-B954-87CF-312EA64B1280}.Release|Any CPU.Build.0 = Release|Any CPU
		{12EC9F60-95AD-9B1A-F2BF-44F262DBD3CF}.Debug|Any CPU.ActiveCfg = Debug|Any CPU
		{12EC9F60-95AD-9B1A-F2BF-44F262DBD3CF}.Debug|Any CPU.Build.0 = Debug|Any CPU
		{12EC9F60-95AD-9B1A-F2BF-44F262DBD3CF}.Release|Any CPU.ActiveCfg = Release|Any CPU
		{12EC9F60-95AD-9B1A-F2BF-44F262DBD3CF}.Release|Any CPU.Build.0 = Release|Any CPU
		{313EB729-B1E7-3C46-45AB-18D56E626043}.Debug|Any CPU.ActiveCfg = Debug|Any CPU
		{313EB729-B1E7-3C46-45AB-18D56E626043}.Debug|Any CPU.Build.0 = Debug|Any CPU
		{313EB729-B1E7-3C46-45AB-18D56E626043}.Release|Any CPU.ActiveCfg = Release|Any CPU
		{313EB729-B1E7-3C46-45AB-18D56E626043}.Release|Any CPU.Build.0 = Release|Any CPU
>>>>>>> 69b902a03ab55f1797d2308436a0ba8776b05dd2
	EndGlobalSection
	GlobalSection(SolutionProperties) = preSolution
		HideSolutionNode = FALSE
	EndGlobalSection
	GlobalSection(MonoDevelopProperties) = preSolution
		StartupItem = Assembly-CSharp.csproj
	EndGlobalSection
EndGlobal
