
Microsoft Visual Studio Solution File, Format Version 12.00
# Visual Studio 2017
Project("{FAE04EC0-301F-11D3-BF4B-00C04F79EFBC}") = "Deer Me", "Deer Me.csproj", "{E7EA5C5E-6352-BD7E-D652-BB9F3DE47BE5}"
EndProject
Project("{FAE04EC0-301F-11D3-BF4B-00C04F79EFBC}") = "Deer Me.Plugins", "Deer Me.Plugins.csproj", "{70E4DDA9-4748-9DB8-88D1-7554D028F37C}"
EndProject
Project("{FAE04EC0-301F-11D3-BF4B-00C04F79EFBC}") = "Deer Me.Editor.Plugins", "Deer Me.Editor.Plugins.csproj", "{61FA1614-4052-D187-3EFF-9EBD8E3F807B}"
EndProject
Global
	GlobalSection(SolutionConfigurationPlatforms) = preSolution
		Debug|Any CPU = Debug|Any CPU
		Release|Any CPU = Release|Any CPU
	EndGlobalSection
	GlobalSection(ProjectConfigurationPlatforms) = postSolution
		{E7EA5C5E-6352-BD7E-D652-BB9F3DE47BE5}.Debug|Any CPU.ActiveCfg = Debug|Any CPU
		{E7EA5C5E-6352-BD7E-D652-BB9F3DE47BE5}.Debug|Any CPU.Build.0 = Debug|Any CPU
		{E7EA5C5E-6352-BD7E-D652-BB9F3DE47BE5}.Release|Any CPU.ActiveCfg = Release|Any CPU
		{E7EA5C5E-6352-BD7E-D652-BB9F3DE47BE5}.Release|Any CPU.Build.0 = Release|Any CPU
		{70E4DDA9-4748-9DB8-88D1-7554D028F37C}.Debug|Any CPU.ActiveCfg = Debug|Any CPU
		{70E4DDA9-4748-9DB8-88D1-7554D028F37C}.Debug|Any CPU.Build.0 = Debug|Any CPU
		{70E4DDA9-4748-9DB8-88D1-7554D028F37C}.Release|Any CPU.ActiveCfg = Release|Any CPU
		{70E4DDA9-4748-9DB8-88D1-7554D028F37C}.Release|Any CPU.Build.0 = Release|Any CPU
		{61FA1614-4052-D187-3EFF-9EBD8E3F807B}.Debug|Any CPU.ActiveCfg = Debug|Any CPU
		{61FA1614-4052-D187-3EFF-9EBD8E3F807B}.Debug|Any CPU.Build.0 = Debug|Any CPU
		{61FA1614-4052-D187-3EFF-9EBD8E3F807B}.Release|Any CPU.ActiveCfg = Release|Any CPU
		{61FA1614-4052-D187-3EFF-9EBD8E3F807B}.Release|Any CPU.Build.0 = Release|Any CPU
	EndGlobalSection
	GlobalSection(SolutionProperties) = preSolution
		HideSolutionNode = FALSE
	EndGlobalSection
EndGlobal
